
Microsoft Visual Studio Solution File, Format Version 12.00
# Visual Studio 15
VisualStudioVersion = 15.0.27428.2043
MinimumVisualStudioVersion = 10.0.40219.1
Project("{FAE04EC0-301F-11D3-BF4B-00C04F79EFBC}") = "DealerOnTest", "DealerOnTest\DealerOnTest.csproj", "{88150A65-E55C-430E-A98A-0F0F0964678B}"
EndProject
Project("{FAE04EC0-301F-11D3-BF4B-00C04F79EFBC}") = "UnitTestProject", "UnitTestProject\UnitTestProject.csproj", "{5D701959-8F33-40DB-A640-2D69E7BBF6E3}"
EndProject
Global
	GlobalSection(SolutionConfigurationPlatforms) = preSolution
		Debug|Any CPU = Debug|Any CPU
		Release|Any CPU = Release|Any CPU
	EndGlobalSection
	GlobalSection(ProjectConfigurationPlatforms) = postSolution
		{88150A65-E55C-430E-A98A-0F0F0964678B}.Debug|Any CPU.ActiveCfg = Debug|Any CPU
		{88150A65-E55C-430E-A98A-0F0F0964678B}.Debug|Any CPU.Build.0 = Debug|Any CPU
		{88150A65-E55C-430E-A98A-0F0F0964678B}.Release|Any CPU.ActiveCfg = Release|Any CPU
		{88150A65-E55C-430E-A98A-0F0F0964678B}.Release|Any CPU.Build.0 = Release|Any CPU
		{5D701959-8F33-40DB-A640-2D69E7BBF6E3}.Debug|Any CPU.ActiveCfg = Debug|Any CPU
		{5D701959-8F33-40DB-A640-2D69E7BBF6E3}.Debug|Any CPU.Build.0 = Debug|Any CPU
		{5D701959-8F33-40DB-A640-2D69E7BBF6E3}.Release|Any CPU.ActiveCfg = Release|Any CPU
		{5D701959-8F33-40DB-A640-2D69E7BBF6E3}.Release|Any CPU.Build.0 = Release|Any CPU
	EndGlobalSection
	GlobalSection(SolutionProperties) = preSolution
		HideSolutionNode = FALSE
	EndGlobalSection
	GlobalSection(ExtensibilityGlobals) = postSolution
		SolutionGuid = {0C549D05-9710-4535-BF4A-6DBF8C062736}
	EndGlobalSection
EndGlobal
